
Microsoft Visual Studio Solution File, Format Version 11.00
# Visual Studio 2010
# SharpDevelop 4.4
Project("{FAE04EC0-301F-11D3-BF4B-00C04F79EFBC}") = "Persistencia01B", "Persistencia01B\Persistencia01B.csproj", "{BF55AC2F-2BE6-4F9E-89C2-2B04F62E0495}"
EndProject
Global
	GlobalSection(SolutionConfigurationPlatforms) = preSolution
		Debug|Any CPU = Debug|Any CPU
		Release|Any CPU = Release|Any CPU
	EndGlobalSection
	GlobalSection(ProjectConfigurationPlatforms) = postSolution
		{BF55AC2F-2BE6-4F9E-89C2-2B04F62E0495}.Debug|Any CPU.Build.0 = Debug|Any CPU
		{BF55AC2F-2BE6-4F9E-89C2-2B04F62E0495}.Debug|Any CPU.ActiveCfg = Debug|Any CPU
		{BF55AC2F-2BE6-4F9E-89C2-2B04F62E0495}.Release|Any CPU.Build.0 = Release|Any CPU
		{BF55AC2F-2BE6-4F9E-89C2-2B04F62E0495}.Release|Any CPU.ActiveCfg = Release|Any CPU
	EndGlobalSection
EndGlobal
